<?xml version="1.0" encoding="utf-8"?>
<Project ToolsVersion="4.0" xmlns="http://schemas.microsoft.com/developer/msbuild/2003">
  <ItemGroup>
    <Filter Include="Resource Files">
      <UniqueIdentifier>{D9D6E242-F8AF-46E4-B9FD-80ECBC20BA3E}</UniqueIdentifier>
      <Extensions>qrc;*</Extensions>
      <ParseFiles>false</ParseFiles>
    </Filter>
    <Filter Include="Form Files">
      <UniqueIdentifier>{99349809-55BA-4b9d-BF79-8FDBB0286EB3}</UniqueIdentifier>
      <Extensions>ui</Extensions>
    </Filter>
    <Filter Include="Resource Files">
      <UniqueIdentifier>{D9D6E242-F8AF-46E4-B9FD-80ECBC20BA3E}</UniqueIdentifier>
      <Extensions>qrc;*</Extensions>
      <ParseFiles>false</ParseFiles>
    </Filter>
    <Filter Include="Generated Files">
      <UniqueIdentifier>{71ED8ED8-ACB9-4CE9-BBE1-E00B30144E11}</UniqueIdentifier>
      <Extensions>moc;h;cpp</Extensions>
      <SourceControlFiles>False</SourceControlFiles>
    </Filter>
    <Filter Include="operation">
      <UniqueIdentifier>{8886d2fd-3478-4460-8fe1-e1093c94ebae}</UniqueIdentifier>
    </Filter>
  </ItemGroup>
  <ItemGroup>
    <ClCompile Include="AddColumnDialog.cpp" />
    <ClCompile Include="AdjustSplitsDlg.cpp" />
    <ClCompile Include="ColumnMetrics.cpp" />
    <ClCompile Include="CreateFeaturesDlg.cpp" />
    <ClCompile Include="DbOperation.cpp" />
    <ClCompile Include="DbParamsDlg.cpp" />
    <ClCompile Include="main.cpp" />
    <ClCompile Include="MakeTargetDlg.cpp" />
    <ClCompile Include="MetaDataView.cpp" />
    <ClCompile Include="NormalizationDlg.cpp" />
    <ClCompile Include="SourcesModel.cpp" />
    <ClCompile Include="SourcesView.cpp" />
    <ClCompile Include="stdafx.cpp" />
    <ClCompile Include="TargetOhlcSourceDlg.cpp" />
    <ClCompile Include="TreeItem.cpp" />
    <ClCompile Include="operation\Factory.cpp">
      <Filter>operation</Filter>
    </ClCompile>
    <ClCompile Include="operation\UpdateDates.cpp">
      <Filter>operation</Filter>
    </ClCompile>
  </ItemGroup>
  <ItemGroup>
    <ClInclude Include="operation\Interface.h">
      <Filter>operation</Filter>
    </ClInclude>
    <ClInclude Include="ColumnMetrics.h" />
    <ClInclude Include="MetaDataView.h" />
    <ClInclude Include="stdafx.h" />
    <ClInclude Include="TreeItem.h" />
    <ClInclude Include="operation\Factory.h">
      <Filter>operation</Filter>
    </ClInclude>
    <ClInclude Include="operation\UpdateDates.h">
      <Filter>operation</Filter>
    </ClInclude>
  </ItemGroup>
  <ItemGroup>
    <QtMoc Include="AddColumnDialog.h" />
    <QtMoc Include="AdjustSplitsDlg.h" />
    <QtMoc Include="CreateFeaturesDlg.h" />
    <QtMoc Include="DbOperation.h" />
    <QtMoc Include="DbParamsDlg.h" />
    <QtMoc Include="MakeTargetDlg.h" />
    <QtMoc Include="NormalizationDlg.h" />
    <QtMoc Include="SourcesModel.h" />
    <QtMoc Include="SourcesView.h" />
    <QtMoc Include="TargetOhlcSourceDlg.h" />
  </ItemGroup>
  <ItemGroup>
    <QtUic Include="DbOperation.ui">
      <Filter>Form Files</Filter>
    </QtUic>
    <QtUic Include="AddColumnDialog.ui">
      <Filter>Form Files</Filter>
    </QtUic>
    <QtUic Include="NormalizationDlg.ui">
      <Filter>Form Files</Filter>
    </QtUic>
    <QtUic Include="AdjustSplitsDlg.ui">
      <Filter>Form Files</Filter>
    </QtUic>
    <QtUic Include="CreateFeaturesDlg.ui">
      <Filter>Form Files</Filter>
    </QtUic>
    <QtUic Include="MakeTargetDlg.ui">
      <Filter>Form Files</Filter>
    </QtUic>
    <QtUic Include="TargetOhlcSourceDlg.ui">
      <Filter>Form Files</Filter>
    </QtUic>
    <QtUic Include="DbParamsDlg.ui">
      <Filter>Form Files</Filter>
    </QtUic>
  </ItemGroup>
  <ItemGroup>
    <QtRcc Include="DbOperation.qrc">
      <Filter>Resource Files</Filter>
    </QtRcc>
  </ItemGroup>
</Project>