<?xml version="1.0" encoding="utf-8"?>
<Project ToolsVersion="4.0" xmlns="http://schemas.microsoft.com/developer/msbuild/2003">
  <ItemGroup>
    <Filter Include="Resource Files">
      <UniqueIdentifier>{D9D6E242-F8AF-46E4-B9FD-80ECBC20BA3E}</UniqueIdentifier>
      <Extensions>qrc;*</Extensions>
      <ParseFiles>false</ParseFiles>
    </Filter>
    <Filter Include="Form Files">
      <UniqueIdentifier>{99349809-55BA-4b9d-BF79-8FDBB0286EB3}</UniqueIdentifier>
      <Extensions>ui</Extensions>
      <ParseFiles>true</ParseFiles>
    </Filter>
  </ItemGroup>
  <ItemGroup>
    <ClCompile Include="Candlestick.cpp" />
    <ClCompile Include="CandlestickDlg.cpp" />
    <ClCompile Include="ChartLib.cpp" />
    <ClCompile Include="line.cpp" />
    <ClCompile Include="line_dlg.cpp" />
    <ClCompile Include="stdafx.cpp" />
  </ItemGroup>
  <ItemGroup>
    <QtMoc Include="Candlestick.h" />
    <QtMoc Include="CandlestickDlg.h" />
    <QtMoc Include="ChartLib.h" />
    <QtMoc Include="line.h" />
    <QtMoc Include="line_dlg.h" />
  </ItemGroup>
  <ItemGroup>
    <QtUic Include="CandlestickDlg.ui">
      <Filter>Form Files</Filter>
    </QtUic>
    <QtUic Include="line_dlg.ui">
      <Filter>Form Files</Filter>
    </QtUic>
  </ItemGroup>
  <ItemGroup>
    <ClInclude Include="chartlib_global.h" />
    <ClInclude Include="stdafx.h" />
  </ItemGroup>
</Project>