<?xml version="1.0" encoding="utf-8"?>
<Project ToolsVersion="4.0" xmlns="http://schemas.microsoft.com/developer/msbuild/2003">
  <ItemGroup>
    <Filter Include="Source Files">
      <UniqueIdentifier>{4FC737F1-C7A5-4376-A066-2A32D752A2FF}</UniqueIdentifier>
      <Extensions>cpp;c;cc;cxx;def;odl;idl;hpj;bat;asm;asmx</Extensions>
    </Filter>
    <Filter Include="Header Files">
      <UniqueIdentifier>{93995380-89BD-4b04-88EB-625FBE52EBFB}</UniqueIdentifier>
      <Extensions>h;hh;hpp;hxx;hm;inl;inc;xsd</Extensions>
    </Filter>
    <Filter Include="Resource Files">
      <UniqueIdentifier>{D9D6E242-F8AF-46E4-B9FD-80ECBC20BA3E}</UniqueIdentifier>
      <Extensions>qrc;*</Extensions>
      <ParseFiles>false</ParseFiles>
    </Filter>
    <Filter Include="Form Files">
      <UniqueIdentifier>{99349809-55BA-4b9d-BF79-8FDBB0286EB3}</UniqueIdentifier>
      <Extensions>ui</Extensions>
    </Filter>
    <Filter Include="Resource Files">
      <UniqueIdentifier>{D9D6E242-F8AF-46E4-B9FD-80ECBC20BA3E}</UniqueIdentifier>
      <Extensions>qrc;*</Extensions>
      <ParseFiles>false</ParseFiles>
    </Filter>
    <Filter Include="Generated Files">
      <UniqueIdentifier>{71ED8ED8-ACB9-4CE9-BBE1-E00B30144E11}</UniqueIdentifier>
      <Extensions>moc;h;cpp</Extensions>
      <SourceControlFiles>False</SourceControlFiles>
    </Filter>
    <Filter Include="TrainingTask">
      <UniqueIdentifier>{3df59066-49c9-471a-a762-5b0065e266c2}</UniqueIdentifier>
    </Filter>
  </ItemGroup>
  <ItemGroup>
    <ClCompile Include="main.cpp">
      <Filter>Source Files</Filter>
    </ClCompile>
    <ClCompile Include="stdafx.cpp">
      <Filter>Source Files</Filter>
    </ClCompile>
    <ClCompile Include="Omni.cpp">
      <Filter>Source Files</Filter>
    </ClCompile>
    <ClCompile Include="Correlations.cpp">
      <Filter>Source Files</Filter>
    </ClCompile>
    <ClCompile Include="CorrelationsModel.cpp">
      <Filter>Source Files</Filter>
    </ClCompile>
    <ClCompile Include="CorrelationsDlg.cpp">
      <Filter>Source Files</Filter>
    </ClCompile>
    <ClCompile Include="LearnMfnDlg.cpp">
      <Filter>Source Files</Filter>
    </ClCompile>
    <ClCompile Include="TrainingSupervision.cpp">
      <Filter>Source Files</Filter>
    </ClCompile>
    <ClCompile Include="TrainingTask\MfnProbe.cpp">
      <Filter>TrainingTask</Filter>
    </ClCompile>
    <ClCompile Include="TrainingTask\MfnProbeContext.cpp">
      <Filter>TrainingTask</Filter>
    </ClCompile>
    <ClCompile Include="MainLearnWidget.cpp">
      <Filter>Source Files</Filter>
    </ClCompile>
    <ClCompile Include="TrainProgressModel.cpp">
      <Filter>Source Files</Filter>
    </ClCompile>
  </ItemGroup>
  <ItemGroup>
    <ClInclude Include="stdafx.h">
      <Filter>Header Files</Filter>
    </ClInclude>
    <ClInclude Include="Correlations.h">
      <Filter>Header Files</Filter>
    </ClInclude>
    <ClInclude Include="TrainingSupervision.h">
      <Filter>Header Files</Filter>
    </ClInclude>
    <ClInclude Include="TrainingTask.h">
      <Filter>Header Files</Filter>
    </ClInclude>
    <ClInclude Include="TrainingTask\MfnProbe.h">
      <Filter>TrainingTask</Filter>
    </ClInclude>
    <ClInclude Include="TrainingTask\MfnProbeContext.h">
      <Filter>TrainingTask</Filter>
    </ClInclude>
    <ClInclude Include="TrainLogger.h">
      <Filter>Header Files</Filter>
    </ClInclude>
  </ItemGroup>
  <ItemGroup>
    <QtMoc Include="Omni.h">
      <Filter>Header Files</Filter>
    </QtMoc>
    <QtMoc Include="CorrelationsModel.h">
      <Filter>Header Files</Filter>
    </QtMoc>
    <QtMoc Include="CorrelationsDlg.h">
      <Filter>Header Files</Filter>
    </QtMoc>
    <QtMoc Include="LearnMfnDlg.h">
      <Filter>Header Files</Filter>
    </QtMoc>
    <QtMoc Include="MainLearnWidget.h">
      <Filter>Header Files</Filter>
    </QtMoc>
    <QtMoc Include="TrainProgressModel.h">
      <Filter>Header Files</Filter>
    </QtMoc>
  </ItemGroup>
  <ItemGroup>
    <QtUic Include="Omni.ui">
      <Filter>Form Files</Filter>
    </QtUic>
    <QtUic Include="CorrelationsDlg.ui">
      <Filter>Form Files</Filter>
    </QtUic>
    <QtUic Include="LearnMfnDlg.ui">
      <Filter>Form Files</Filter>
    </QtUic>
    <QtUic Include="MainLearnWidget.ui">
      <Filter>Form Files</Filter>
    </QtUic>
  </ItemGroup>
  <ItemGroup>
    <QtRcc Include="Omni.qrc">
      <Filter>Resource Files</Filter>
    </QtRcc>
  </ItemGroup>
</Project>